version = 1
revision = 2
requires-python = ">=3.12"

[manifest]
members = [
    "leximine",
    "my-lib",
]

[[package]]
name = "leximine"
version = "0.1.0"
source = { editable = "." }
dependencies = [
    { name = "my-lib" },
]

[package.metadata]
requires-dist = [{ name = "my-lib", editable = "packages/my_lib" }]

[[package]]
name = "my-lib"
version = "0.1.0"
source = { editable = "packages/my_lib" }
